{
  "object": {
    "pins": [
      {
        "package": "FSCalendar",
        "repositoryURL": "https://github.com/WenchaoD/FSCalendar.git",
        "state": {
          "branch": null,
          "revision": "4e79a201fad268408a4fd9e2ef429497def9594f",
          "version": "2.8.2"
        }
      },
      {
        "package": "JGProgressHUD",
        "repositoryURL": "https://github.com/JonasGessner/JGProgressHUD.git",
        "state": {
          "branch": null,
          "revision": "78d7cd35f1d90ff74fd82e486f2cbe4b24be8cf9",
          "version": "2.2.0"
        }
      }
    ]
  },
  "version": 1
}
