{
  "object": {
    "pins": [
      {
        "package": "Debouncer",
        "repositoryURL": "https://github.com/aybekckaya/Debouncer.git",
        "state": {
          "branch": null,
          "revision": "121c734593709c44eb4ecd27b321a45d0cf4c394",
          "version": "1.0.1"
        }
      },
      {
        "package": "DeclarativeLayout",
        "repositoryURL": "https://github.com/aybekckaya/DeclarativeLayout.git",
        "state": {
          "branch": null,
          "revision": "9cf3352ecb64aae4f44af51b683f456e80c9f423",
          "version": "1.0.0"
        }
      },
      {
        "package": "DeclarativeUI",
        "repositoryURL": "https://github.com/aybekckaya/DeclarativeUI.git",
        "state": {
          "branch": "main",
          "revision": "d2e3f6c0493c6568a05613bc775770d992445a00",
          "version": null
        }
      },
      {
        "package": "FloatingTextfield",
        "repositoryURL": "https://github.com/aybekckaya/FloatingTextfield.git",
        "state": {
          "branch": null,
          "revision": "948633c71748e9deb668a4fa167c0165c3635804",
          "version": "1.0.0"
        }
      }
    ]
  },
  "version": 1
}
